
Microsoft Visual Studio Solution File, Format Version 12.00
# Visual Studio 15
VisualStudioVersion = 15.0.28307.902
MinimumVisualStudioVersion = 10.0.40219.1
Project("{FAE04EC0-301F-11D3-BF4B-00C04F79EFBC}") = "TypeRacers", "TypeRacers\TypeRacers.csproj", "{B47C1AA8-BBD4-44DD-B548-1D335361938F}"
	ProjectSection(ProjectDependencies) = postProject
		{9D2829D4-21FF-4A8F-AA03-23CA97256EB1} = {9D2829D4-21FF-4A8F-AA03-23CA97256EB1}
	EndProjectSection
EndProject
Project("{FAE04EC0-301F-11D3-BF4B-00C04F79EFBC}") = "Client", "Client\Client.csproj", "{0EA55968-C885-4C88-A344-379F7DDF0754}"
EndProject
Project("{FAE04EC0-301F-11D3-BF4B-00C04F79EFBC}") = "Server", "Server\Server.csproj", "{9D2829D4-21FF-4A8F-AA03-23CA97256EB1}"
EndProject
Global
	GlobalSection(SolutionConfigurationPlatforms) = preSolution
		Debug|Any CPU = Debug|Any CPU
		Release|Any CPU = Release|Any CPU
	EndGlobalSection
	GlobalSection(ProjectConfigurationPlatforms) = postSolution
		{B47C1AA8-BBD4-44DD-B548-1D335361938F}.Debug|Any CPU.ActiveCfg = Debug|Any CPU
		{B47C1AA8-BBD4-44DD-B548-1D335361938F}.Debug|Any CPU.Build.0 = Debug|Any CPU
		{B47C1AA8-BBD4-44DD-B548-1D335361938F}.Release|Any CPU.ActiveCfg = Release|Any CPU
		{B47C1AA8-BBD4-44DD-B548-1D335361938F}.Release|Any CPU.Build.0 = Release|Any CPU
		{0EA55968-C885-4C88-A344-379F7DDF0754}.Debug|Any CPU.ActiveCfg = Debug|Any CPU
		{0EA55968-C885-4C88-A344-379F7DDF0754}.Debug|Any CPU.Build.0 = Debug|Any CPU
		{0EA55968-C885-4C88-A344-379F7DDF0754}.Release|Any CPU.ActiveCfg = Release|Any CPU
		{0EA55968-C885-4C88-A344-379F7DDF0754}.Release|Any CPU.Build.0 = Release|Any CPU
		{9D2829D4-21FF-4A8F-AA03-23CA97256EB1}.Debug|Any CPU.ActiveCfg = Debug|Any CPU
		{9D2829D4-21FF-4A8F-AA03-23CA97256EB1}.Debug|Any CPU.Build.0 = Debug|Any CPU
		{9D2829D4-21FF-4A8F-AA03-23CA97256EB1}.Release|Any CPU.ActiveCfg = Release|Any CPU
		{9D2829D4-21FF-4A8F-AA03-23CA97256EB1}.Release|Any CPU.Build.0 = Release|Any CPU
	EndGlobalSection
	GlobalSection(SolutionProperties) = preSolution
		HideSolutionNode = FALSE
	EndGlobalSection
	GlobalSection(ExtensibilityGlobals) = postSolution
		SolutionGuid = {82C31223-58E3-496D-9D2B-AEB1CB25A624}
	EndGlobalSection
EndGlobal
