
Microsoft Visual Studio Solution File, Format Version 12.00
# Visual Studio Version 16
VisualStudioVersion = 16.0.29509.3
MinimumVisualStudioVersion = 10.0.40219.1
Project("{9A19103F-16F7-4668-BE54-9A1E7A4F7556}") = "TypeRacersFacts", "TypeRacers.Tests\TypeRacersFacts.csproj", "{20A9E989-93DA-4877-BE1C-64AD9176C60A}"
	ProjectSection(ProjectDependencies) = postProject
		{A923EB0B-4978-489A-9CB0-3CCA660D2F81} = {A923EB0B-4978-489A-9CB0-3CCA660D2F81}
		{60B73845-E2E0-42A8-9953-6E79A4DE9494} = {60B73845-E2E0-42A8-9953-6E79A4DE9494}
		{9EEF53DD-318D-4ADB-95C9-AC5EAA5FBEB1} = {9EEF53DD-318D-4ADB-95C9-AC5EAA5FBEB1}
	EndProjectSection
EndProject
Project("{9A19103F-16F7-4668-BE54-9A1E7A4F7556}") = "Server", "Server\Server.csproj", "{A923EB0B-4978-489A-9CB0-3CCA660D2F81}"
EndProject
Project("{9A19103F-16F7-4668-BE54-9A1E7A4F7556}") = "Common", "Common\Common.csproj", "{9EEF53DD-318D-4ADB-95C9-AC5EAA5FBEB1}"
EndProject
Project("{9A19103F-16F7-4668-BE54-9A1E7A4F7556}") = "Client", "Client\Client.csproj", "{60B73845-E2E0-42A8-9953-6E79A4DE9494}"
EndProject
Project("{9A19103F-16F7-4668-BE54-9A1E7A4F7556}") = "TypeRacers", "TypeRacers\TypeRacers.csproj", "{0C469F38-764A-4026-93D8-B9A5DFD2ACFA}"
EndProject
Global
	GlobalSection(SolutionConfigurationPlatforms) = preSolution
		Debug|Any CPU = Debug|Any CPU
		Release|Any CPU = Release|Any CPU
	EndGlobalSection
	GlobalSection(ProjectConfigurationPlatforms) = postSolution
		{20A9E989-93DA-4877-BE1C-64AD9176C60A}.Debug|Any CPU.ActiveCfg = Debug|Any CPU
		{20A9E989-93DA-4877-BE1C-64AD9176C60A}.Debug|Any CPU.Build.0 = Debug|Any CPU
		{20A9E989-93DA-4877-BE1C-64AD9176C60A}.Release|Any CPU.ActiveCfg = Release|Any CPU
		{20A9E989-93DA-4877-BE1C-64AD9176C60A}.Release|Any CPU.Build.0 = Release|Any CPU
		{A923EB0B-4978-489A-9CB0-3CCA660D2F81}.Debug|Any CPU.ActiveCfg = Debug|Any CPU
		{A923EB0B-4978-489A-9CB0-3CCA660D2F81}.Debug|Any CPU.Build.0 = Debug|Any CPU
		{A923EB0B-4978-489A-9CB0-3CCA660D2F81}.Release|Any CPU.ActiveCfg = Release|Any CPU
		{A923EB0B-4978-489A-9CB0-3CCA660D2F81}.Release|Any CPU.Build.0 = Release|Any CPU
		{9EEF53DD-318D-4ADB-95C9-AC5EAA5FBEB1}.Debug|Any CPU.ActiveCfg = Debug|Any CPU
		{9EEF53DD-318D-4ADB-95C9-AC5EAA5FBEB1}.Debug|Any CPU.Build.0 = Debug|Any CPU
		{9EEF53DD-318D-4ADB-95C9-AC5EAA5FBEB1}.Release|Any CPU.ActiveCfg = Release|Any CPU
		{9EEF53DD-318D-4ADB-95C9-AC5EAA5FBEB1}.Release|Any CPU.Build.0 = Release|Any CPU
		{60B73845-E2E0-42A8-9953-6E79A4DE9494}.Debug|Any CPU.ActiveCfg = Debug|Any CPU
		{60B73845-E2E0-42A8-9953-6E79A4DE9494}.Debug|Any CPU.Build.0 = Debug|Any CPU
		{60B73845-E2E0-42A8-9953-6E79A4DE9494}.Release|Any CPU.ActiveCfg = Release|Any CPU
		{60B73845-E2E0-42A8-9953-6E79A4DE9494}.Release|Any CPU.Build.0 = Release|Any CPU
		{0C469F38-764A-4026-93D8-B9A5DFD2ACFA}.Debug|Any CPU.ActiveCfg = Debug|Any CPU
		{0C469F38-764A-4026-93D8-B9A5DFD2ACFA}.Debug|Any CPU.Build.0 = Debug|Any CPU
		{0C469F38-764A-4026-93D8-B9A5DFD2ACFA}.Release|Any CPU.ActiveCfg = Release|Any CPU
		{0C469F38-764A-4026-93D8-B9A5DFD2ACFA}.Release|Any CPU.Build.0 = Release|Any CPU
	EndGlobalSection
	GlobalSection(SolutionProperties) = preSolution
		HideSolutionNode = FALSE
	EndGlobalSection
	GlobalSection(ExtensibilityGlobals) = postSolution
		SolutionGuid = {82C31223-58E3-496D-9D2B-AEB1CB25A624}
	EndGlobalSection
EndGlobal
